
Microsoft Visual Studio Solution File, Format Version 12.00
# Visual Studio 15
VisualStudioVersion = 15.0.26730.12
MinimumVisualStudioVersion = 10.0.40219.1
Project("{FAE04EC0-301F-11D3-BF4B-00C04F79EFBC}") = "ViewCodeInBrowser", "ViewCodeInBrowser.csproj", "{FAE1D9BD-D1A8-4781-B2E8-AA488494E461}"
EndProject
Global
	GlobalSection(SolutionConfigurationPlatforms) = preSolution
		Debug|Any CPU = Debug|Any CPU
		Release|Any CPU = Release|Any CPU
	EndGlobalSection
	GlobalSection(ProjectConfigurationPlatforms) = postSolution
		{FAE1D9BD-D1A8-4781-B2E8-AA488494E461}.Debug|Any CPU.ActiveCfg = Debug|Any CPU
		{FAE1D9BD-D1A8-4781-B2E8-AA488494E461}.Debug|Any CPU.Build.0 = Debug|Any CPU
		{FAE1D9BD-D1A8-4781-B2E8-AA488494E461}.Release|Any CPU.ActiveCfg = Release|Any CPU
		{FAE1D9BD-D1A8-4781-B2E8-AA488494E461}.Release|Any CPU.Build.0 = Release|Any CPU
	EndGlobalSection
	GlobalSection(SolutionProperties) = preSolution
		HideSolutionNode = FALSE
	EndGlobalSection
	GlobalSection(ExtensibilityGlobals) = postSolution
		SolutionGuid = {19F5EB80-4025-4EB6-90C9-C8D167E068D7}
	EndGlobalSection
EndGlobal
